<?xml version="1.0" encoding="utf-8"?>
<Project ToolsVersion="4.0" xmlns="http://schemas.microsoft.com/developer/msbuild/2003">
  <ItemGroup>
    <Filter Include="Source Files">
      <UniqueIdentifier>{4FC737F1-C7A5-4376-A066-2A32D752A2FF}</UniqueIdentifier>
      <Extensions>cpp;c;cc;cxx;def;odl;idl;hpj;bat;asm;asmx</Extensions>
    </Filter>
    <Filter Include="Source Files\ImpulseEngine">
      <UniqueIdentifier>{846af401-dc85-41fe-b401-0c1f360d31fa}</UniqueIdentifier>
    </Filter>
    <Filter Include="Source Files\Driver">
      <UniqueIdentifier>{a62145fb-bef6-4ddc-83a3-2205c11b4115}</UniqueIdentifier>
    </Filter>
    <Filter Include="Source Files\ImpulseEngine\Precompiled">
      <UniqueIdentifier>{257a4c03-c263-48e7-8bcc-50e2158dbca4}</UniqueIdentifier>
    </Filter>
    <Filter Include="Source Files\Render">
      <UniqueIdentifier>{d2f138c9-4767-45da-aded-166aceaa7ba8}</UniqueIdentifier>
    </Filter>
    <Filter Include="Source Files\ImpulseEngine\Clock">
      <UniqueIdentifier>{eed70418-9e80-4c11-95e0-65007d42d87e}</UniqueIdentifier>
    </Filter>
  </ItemGroup>
  <ItemGroup>
    <ClInclude Include="..\Body.h">
      <Filter>Source Files\ImpulseEngine</Filter>
    </ClInclude>
    <ClInclude Include="..\Collision.h">
      <Filter>Source Files\ImpulseEngine</Filter>
    </ClInclude>
    <ClInclude Include="..\Scene.h">
      <Filter>Source Files\ImpulseEngine</Filter>
    </ClInclude>
    <ClInclude Include="..\Shape.h">
      <Filter>Source Files\ImpulseEngine</Filter>
    </ClInclude>
    <ClInclude Include="..\glut.h">
      <Filter>Source Files\Driver</Filter>
    </ClInclude>
    <ClInclude Include="..\IEMath.h">
      <Filter>Source Files\ImpulseEngine</Filter>
    </ClInclude>
    <ClInclude Include="..\Manifold.h">
      <Filter>Source Files\ImpulseEngine</Filter>
    </ClInclude>
    <ClInclude Include="..\Precompiled.h">
      <Filter>Source Files\ImpulseEngine\Precompiled</Filter>
    </ClInclude>
    <ClInclude Include="..\Render.h">
      <Filter>Source Files\Render</Filter>
    </ClInclude>
    <ClInclude Include="..\Clock.h">
      <Filter>Source Files\ImpulseEngine\Clock</Filter>
    </ClInclude>
  </ItemGroup>
  <ItemGroup>
    <ClCompile Include="..\Collision.cpp">
      <Filter>Source Files\ImpulseEngine</Filter>
    </ClCompile>
    <ClCompile Include="..\Scene.cpp">
      <Filter>Source Files\ImpulseEngine</Filter>
    </ClCompile>
    <ClCompile Include="..\main.cpp">
      <Filter>Source Files\Driver</Filter>
    </ClCompile>
    <ClCompile Include="..\Manifold.cpp">
      <Filter>Source Files\ImpulseEngine</Filter>
    </ClCompile>
    <ClCompile Include="..\Precompiled.cpp">
      <Filter>Source Files\ImpulseEngine\Precompiled</Filter>
    </ClCompile>
    <ClCompile Include="..\Body.cpp">
      <Filter>Source Files\ImpulseEngine</Filter>
    </ClCompile>
    <ClCompile Include="..\Render.cpp">
      <Filter>Source Files\Render</Filter>
    </ClCompile>
    <ClCompile Include="..\Clock.cpp">
      <Filter>Source Files\ImpulseEngine\Clock</Filter>
    </ClCompile>
  </ItemGroup>
  <ItemGroup>
    <Library Include="..\glut32.lib">
      <Filter>Source Files\Driver</Filter>
    </Library>
  </ItemGroup>
</Project>